
Microsoft Visual Studio Solution File, Format Version 12.00
# Visual Studio 15
VisualStudioVersion = 15.0.27703.2035
MinimumVisualStudioVersion = 10.0.40219.1
Project("{FAE04EC0-301F-11D3-BF4B-00C04F79EFBC}") = "FindMyNumber", "ClassLibrary2\FindMyNumber.csproj", "{508ACBED-6F57-42B4-97B3-05A6373E7118}"
EndProject
Project("{FAE04EC0-301F-11D3-BF4B-00C04F79EFBC}") = "XUnitTestProject1", "XUnitTestProject1\XUnitTestProject1.csproj", "{5504D1E2-5C54-4817-89E9-8493E1DF2B02}"
EndProject
Global
	GlobalSection(SolutionConfigurationPlatforms) = preSolution
		Debug|Any CPU = Debug|Any CPU
		Release|Any CPU = Release|Any CPU
	EndGlobalSection
	GlobalSection(ProjectConfigurationPlatforms) = postSolution
		{508ACBED-6F57-42B4-97B3-05A6373E7118}.Debug|Any CPU.ActiveCfg = Debug|Any CPU
		{508ACBED-6F57-42B4-97B3-05A6373E7118}.Debug|Any CPU.Build.0 = Debug|Any CPU
		{508ACBED-6F57-42B4-97B3-05A6373E7118}.Release|Any CPU.ActiveCfg = Release|Any CPU
		{508ACBED-6F57-42B4-97B3-05A6373E7118}.Release|Any CPU.Build.0 = Release|Any CPU
		{5504D1E2-5C54-4817-89E9-8493E1DF2B02}.Debug|Any CPU.ActiveCfg = Debug|Any CPU
		{5504D1E2-5C54-4817-89E9-8493E1DF2B02}.Debug|Any CPU.Build.0 = Debug|Any CPU
		{5504D1E2-5C54-4817-89E9-8493E1DF2B02}.Release|Any CPU.ActiveCfg = Release|Any CPU
		{5504D1E2-5C54-4817-89E9-8493E1DF2B02}.Release|Any CPU.Build.0 = Release|Any CPU
	EndGlobalSection
	GlobalSection(SolutionProperties) = preSolution
		HideSolutionNode = FALSE
	EndGlobalSection
	GlobalSection(ExtensibilityGlobals) = postSolution
		SolutionGuid = {51E07FA9-8646-407F-97AE-9EF2BC91530A}
	EndGlobalSection
EndGlobal
